Microsoft Visual Studio Solution File, Format Version 12.00
# Visual Studio Version 17
VisualStudioVersion = 17.0.31903.59
MinimumVisualStudioVersion = 17.0.31903.59
Project("{2150E333-8FDC-42A3-9474-1A3956D46DE8}") = "App.Presentation", "App.Presentation", "{40D12181-B32A-4427-8F56-0A8FC7CD0922}"
EndProject
Project("{2150E333-8FDC-42A3-9474-1A3956D46DE8}") = "Core", "Core", "{C3FE7014-E4AA-4A1E-87F6-86A3BE0B05E3}"
EndProject
Project("{2150E333-8FDC-42A3-9474-1A3956D46DE8}") = "Infrastructure", "Infrastructure", "{3FFD2333-533B-41D1-80B7-C276105941BB}"
EndProject
Project("{9A19103F-16F7-4668-BE54-9A1E7A4F7556}") = "UniversityBookShop.Api", "src\dotnet-app\UniversityBookShop.Api\UniversityBookShop.Api.csproj", "{05BFE375-0867-41B2-A7B7-58A56D31B73C}"
EndProject
Project("{9A19103F-16F7-4668-BE54-9A1E7A4F7556}") = "UniversityBookShop.Application", "src\dotnet-app\UniversityBookShop.Application\UniversityBookShop.Application.csproj", "{D07BF749-09FC-4E79-B362-100CED316942}"
EndProject
Project("{9A19103F-16F7-4668-BE54-9A1E7A4F7556}") = "UniversityBookShop.Domain", "src\dotnet-app\UniversityBookShop.Domain\UniversityBookShop.Domain.csproj", "{7E807FB8-A845-4A96-8400-D8954937224B}"
EndProject
Project("{9A19103F-16F7-4668-BE54-9A1E7A4F7556}") = "UniversityBookShop.Persistence", "src\dotnet-app\UniversityBookShop.Persistence\UniversityBookShop.Persistence.csproj", "{3C236D19-B6AA-49F1-A55E-3DB12DE495E2}"
EndProject
Project("{9A19103F-16F7-4668-BE54-9A1E7A4F7556}") = "BackOffice.Api", "src\dotnet-app\BackOffice.Api\BackOffice.Api.csproj", "{8574189D-14C2-4021-A6ED-F4B3D56DCFC8}"
EndProject
Project("{9A19103F-16F7-4668-BE54-9A1E7A4F7556}") = "BackOffice.Domain", "src\dotnet-app\BackOffice.Domain\BackOffice.Domain.csproj", "{8404EAA0-1D9A-496F-A6E6-1E5256E5E0D1}"
EndProject
Project("{9A19103F-16F7-4668-BE54-9A1E7A4F7556}") = "BackOffice.Persistence", "src\dotnet-app\BackOffice.Persistence\BackOffice.Persistence.csproj", "{2958C6E2-F2C7-4C5A-8E57-DFFA90DE4586}"
EndProject
Project("{9A19103F-16F7-4668-BE54-9A1E7A4F7556}") = "BackOffice.Application", "src\dotnet-app\BackOffice.Application\BackOffice.Application.csproj", "{A5B6181D-9768-47B0-8074-BEFA353C8349}"
EndProject
Project("{E53339B2-1760-4266-BCC7-CA923CBCF16C}") = "docker-compose", "docker-compose.dcproj", "{1D78AB19-2041-4EC2-8CB3-FC5D5EC74D37}"
EndProject
Global
	GlobalSection(SolutionConfigurationPlatforms) = preSolution
		Debug|Any CPU = Debug|Any CPU
		Release|Any CPU = Release|Any CPU
	EndGlobalSection
	GlobalSection(ProjectConfigurationPlatforms) = postSolution
		{05BFE375-0867-41B2-A7B7-58A56D31B73C}.Debug|Any CPU.ActiveCfg = Debug|Any CPU
		{05BFE375-0867-41B2-A7B7-58A56D31B73C}.Debug|Any CPU.Build.0 = Debug|Any CPU
		{05BFE375-0867-41B2-A7B7-58A56D31B73C}.Release|Any CPU.ActiveCfg = Release|Any CPU
		{05BFE375-0867-41B2-A7B7-58A56D31B73C}.Release|Any CPU.Build.0 = Release|Any CPU
		{D07BF749-09FC-4E79-B362-100CED316942}.Debug|Any CPU.ActiveCfg = Debug|Any CPU
		{D07BF749-09FC-4E79-B362-100CED316942}.Debug|Any CPU.Build.0 = Debug|Any CPU
		{D07BF749-09FC-4E79-B362-100CED316942}.Release|Any CPU.ActiveCfg = Release|Any CPU
		{D07BF749-09FC-4E79-B362-100CED316942}.Release|Any CPU.Build.0 = Release|Any CPU
		{7E807FB8-A845-4A96-8400-D8954937224B}.Debug|Any CPU.ActiveCfg = Debug|Any CPU
		{7E807FB8-A845-4A96-8400-D8954937224B}.Debug|Any CPU.Build.0 = Debug|Any CPU
		{7E807FB8-A845-4A96-8400-D8954937224B}.Release|Any CPU.ActiveCfg = Release|Any CPU
		{7E807FB8-A845-4A96-8400-D8954937224B}.Release|Any CPU.Build.0 = Release|Any CPU
		{3C236D19-B6AA-49F1-A55E-3DB12DE495E2}.Debug|Any CPU.ActiveCfg = Debug|Any CPU
		{3C236D19-B6AA-49F1-A55E-3DB12DE495E2}.Debug|Any CPU.Build.0 = Debug|Any CPU
		{3C236D19-B6AA-49F1-A55E-3DB12DE495E2}.Release|Any CPU.ActiveCfg = Release|Any CPU
		{3C236D19-B6AA-49F1-A55E-3DB12DE495E2}.Release|Any CPU.Build.0 = Release|Any CPU
		{8574189D-14C2-4021-A6ED-F4B3D56DCFC8}.Debug|Any CPU.ActiveCfg = Debug|Any CPU
		{8574189D-14C2-4021-A6ED-F4B3D56DCFC8}.Debug|Any CPU.Build.0 = Debug|Any CPU
		{8574189D-14C2-4021-A6ED-F4B3D56DCFC8}.Release|Any CPU.ActiveCfg = Release|Any CPU
		{8574189D-14C2-4021-A6ED-F4B3D56DCFC8}.Release|Any CPU.Build.0 = Release|Any CPU
		{8404EAA0-1D9A-496F-A6E6-1E5256E5E0D1}.Debug|Any CPU.ActiveCfg = Debug|Any CPU
		{8404EAA0-1D9A-496F-A6E6-1E5256E5E0D1}.Debug|Any CPU.Build.0 = Debug|Any CPU
		{8404EAA0-1D9A-496F-A6E6-1E5256E5E0D1}.Release|Any CPU.ActiveCfg = Release|Any CPU
		{8404EAA0-1D9A-496F-A6E6-1E5256E5E0D1}.Release|Any CPU.Build.0 = Release|Any CPU
		{2958C6E2-F2C7-4C5A-8E57-DFFA90DE4586}.Debug|Any CPU.ActiveCfg = Debug|Any CPU
		{2958C6E2-F2C7-4C5A-8E57-DFFA90DE4586}.Debug|Any CPU.Build.0 = Debug|Any CPU
		{2958C6E2-F2C7-4C5A-8E57-DFFA90DE4586}.Release|Any CPU.ActiveCfg = Release|Any CPU
		{2958C6E2-F2C7-4C5A-8E57-DFFA90DE4586}.Release|Any CPU.Build.0 = Release|Any CPU
		{A5B6181D-9768-47B0-8074-BEFA353C8349}.Debug|Any CPU.ActiveCfg = Debug|Any CPU
		{A5B6181D-9768-47B0-8074-BEFA353C8349}.Debug|Any CPU.Build.0 = Debug|Any CPU
		{A5B6181D-9768-47B0-8074-BEFA353C8349}.Release|Any CPU.ActiveCfg = Release|Any CPU
		{A5B6181D-9768-47B0-8074-BEFA353C8349}.Release|Any CPU.Build.0 = Release|Any CPU
		{1D78AB19-2041-4EC2-8CB3-FC5D5EC74D37}.Debug|Any CPU.ActiveCfg = Debug|Any CPU
		{1D78AB19-2041-4EC2-8CB3-FC5D5EC74D37}.Debug|Any CPU.Build.0 = Debug|Any CPU
		{1D78AB19-2041-4EC2-8CB3-FC5D5EC74D37}.Release|Any CPU.ActiveCfg = Release|Any CPU
		{1D78AB19-2041-4EC2-8CB3-FC5D5EC74D37}.Release|Any CPU.Build.0 = Release|Any CPU
	EndGlobalSection
	GlobalSection(SolutionProperties) = preSolution
		HideSolutionNode = FALSE
	EndGlobalSection
	GlobalSection(NestedProjects) = preSolution
		{05BFE375-0867-41B2-A7B7-58A56D31B73C} = {40D12181-B32A-4427-8F56-0A8FC7CD0922}
		{D07BF749-09FC-4E79-B362-100CED316942} = {C3FE7014-E4AA-4A1E-87F6-86A3BE0B05E3}
		{7E807FB8-A845-4A96-8400-D8954937224B} = {C3FE7014-E4AA-4A1E-87F6-86A3BE0B05E3}
		{3C236D19-B6AA-49F1-A55E-3DB12DE495E2} = {3FFD2333-533B-41D1-80B7-C276105941BB}
		{8574189D-14C2-4021-A6ED-F4B3D56DCFC8} = {40D12181-B32A-4427-8F56-0A8FC7CD0922}
		{8404EAA0-1D9A-496F-A6E6-1E5256E5E0D1} = {C3FE7014-E4AA-4A1E-87F6-86A3BE0B05E3}
		{2958C6E2-F2C7-4C5A-8E57-DFFA90DE4586} = {3FFD2333-533B-41D1-80B7-C276105941BB}
		{A5B6181D-9768-47B0-8074-BEFA353C8349} = {C3FE7014-E4AA-4A1E-87F6-86A3BE0B05E3}
	EndGlobalSection
	GlobalSection(ExtensibilityGlobals) = postSolution
		SolutionGuid = {837FC794-5B34-4671-BEF4-A735389F00C5}
	EndGlobalSection
EndGlobal
