
Microsoft Visual Studio Solution File, Format Version 12.00
# Visual Studio Version 17
VisualStudioVersion = 17.0.31903.59
MinimumVisualStudioVersion = 17.0.31903.59
Project("{9A19103F-16F7-4668-BE54-9A1E7A4F7556}") = "UniversityBookShop.Api", "src\dotnet-app\UniversityBookShop.Api\UniversityBookShop.Api.csproj", "{05BFE375-0867-41B2-A7B7-58A56D31B73C}"
EndProject
Project("{9A19103F-16F7-4668-BE54-9A1E7A4F7556}") = "UniversityBookShop.Application", "src\dotnet-app\UniversityBookShop.Application\UniversityBookShop.Application.csproj", "{D07BF749-09FC-4E79-B362-100CED316942}"
EndProject
Project("{9A19103F-16F7-4668-BE54-9A1E7A4F7556}") = "UniversityBookShop.Domain", "src\dotnet-app\UniversityBookShop.Domain\UniversityBookShop.Domain.csproj", "{7E807FB8-A845-4A96-8400-D8954937224B}"
EndProject
Project("{9A19103F-16F7-4668-BE54-9A1E7A4F7556}") = "UniversityBookShop.Persistence", "src\dotnet-app\UniversityBookShop.Persistence\UniversityBookShop.Persistence.csproj", "{3C236D19-B6AA-49F1-A55E-3DB12DE495E2}"
EndProject
Project("{9A19103F-16F7-4668-BE54-9A1E7A4F7556}") = "BackOffice.Api", "src\dotnet-app\BackOffice.Api\BackOffice.Api.csproj", "{8574189D-14C2-4021-A6ED-F4B3D56DCFC8}"
EndProject
Project("{9A19103F-16F7-4668-BE54-9A1E7A4F7556}") = "BackOffice.Domain", "src\dotnet-app\BackOffice.Domain\BackOffice.Domain.csproj", "{8404EAA0-1D9A-496F-A6E6-1E5256E5E0D1}"
EndProject
Project("{9A19103F-16F7-4668-BE54-9A1E7A4F7556}") = "BackOffice.Persistence", "src\dotnet-app\BackOffice.Persistence\BackOffice.Persistence.csproj", "{2958C6E2-F2C7-4C5A-8E57-DFFA90DE4586}"
EndProject
Project("{9A19103F-16F7-4668-BE54-9A1E7A4F7556}") = "BackOffice.Application", "src\dotnet-app\BackOffice.Application\BackOffice.Application.csproj", "{A5B6181D-9768-47B0-8074-BEFA353C8349}"
EndProject
Project("{E53339B2-1760-4266-BCC7-CA923CBCF16C}") = "docker-compose", "docker-compose.dcproj", "{1D78AB19-2041-4EC2-8CB3-FC5D5EC74D37}"
EndProject
Project("{2150E333-8FDC-42A3-9474-1A3956D46DE8}") = "BookShop", "BookShop", "{1A1FD149-D260-4C4B-80C2-88DEEA40C97E}"
EndProject
Project("{2150E333-8FDC-42A3-9474-1A3956D46DE8}") = "BookShopBackOffice", "BookShopBackOffice", "{547C6903-1D2E-4B94-8FC2-7D6172C6D82D}"
EndProject
Project("{2150E333-8FDC-42A3-9474-1A3956D46DE8}") = "App.Presentation", "App.Presentation", "{AF356874-0A80-4050-8B5B-F7F041897959}"
EndProject
Project("{2150E333-8FDC-42A3-9474-1A3956D46DE8}") = "App.Presentation", "App.Presentation", "{EF90527A-DB16-427A-B060-B829C53773FB}"
EndProject
Project("{2150E333-8FDC-42A3-9474-1A3956D46DE8}") = "Core", "Core", "{BBD2FF32-B001-4E0E-8D60-038BF5BAC2BD}"
EndProject
Project("{2150E333-8FDC-42A3-9474-1A3956D46DE8}") = "Core", "Core", "{89B11C70-1D1D-423F-9FB2-B09632839DE5}"
EndProject
Project("{2150E333-8FDC-42A3-9474-1A3956D46DE8}") = "Infrastructure", "Infrastructure", "{B6143FD0-C5DF-477F-A226-5B2ABE0F6490}"
EndProject
Project("{2150E333-8FDC-42A3-9474-1A3956D46DE8}") = "Infrastructure", "Infrastructure", "{7053E57E-A635-49BC-8641-3ECB3410941F}"
EndProject
Project("{2150E333-8FDC-42A3-9474-1A3956D46DE8}") = "IdentityServer", "IdentityServer", "{80C11AFA-3334-4157-96A1-3C4358899A25}"
EndProject
Project("{2150E333-8FDC-42A3-9474-1A3956D46DE8}") = "App.Presentation", "App.Presentation", "{F7BEB16C-A11D-470F-969C-D54E4B7A48BA}"
EndProject
Project("{2150E333-8FDC-42A3-9474-1A3956D46DE8}") = "Core", "Core", "{942AB904-C08B-438A-8C74-22A6AA988069}"
EndProject
Project("{2150E333-8FDC-42A3-9474-1A3956D46DE8}") = "Infrastracture", "Infrastracture", "{A925182B-69E6-4908-94A4-3060F4F76A13}"
EndProject
Project("{9A19103F-16F7-4668-BE54-9A1E7A4F7556}") = "IdentityServer.Api", "src\dotnet-app\IdentityServer.Api\IdentityServer.Api.csproj", "{9656D242-4F0B-4B4A-9153-40A6A73A543F}"
EndProject
Project("{9A19103F-16F7-4668-BE54-9A1E7A4F7556}") = "IdentityServer.Persistence", "src\dotnet-app\IdentityServer.Persistence\IdentityServer.Persistence.csproj", "{0120E1D3-8923-4AA2-98C7-BBF644B356E7}"
EndProject
Project("{9A19103F-16F7-4668-BE54-9A1E7A4F7556}") = "Identity.Persistence", "src\dotnet-app\Identity.Persistence\Identity.Persistence.csproj", "{52757225-DB2D-4AAC-AD3D-3ABB920EB778}"
EndProject
Project("{2150E333-8FDC-42A3-9474-1A3956D46DE8}") = "Tests", "Tests", "{D668F30E-D5AB-402C-89DD-3D06970ACE14}"
EndProject
Project("{9A19103F-16F7-4668-BE54-9A1E7A4F7556}") = "Identity.Domain", "src\dotnet-app\Identity.Domain\Identity.Domain.csproj", "{8072233F-8F4B-436C-A641-207E890F2790}"
EndProject
Project("{9A19103F-16F7-4668-BE54-9A1E7A4F7556}") = "Identity.Api", "src\dotnet-app\Identity.Api\Identity.Api.csproj", "{AB282766-9E2A-4147-88C1-7D2E8909138C}"
EndProject
Project("{9A19103F-16F7-4668-BE54-9A1E7A4F7556}") = "Identity.Application", "src\dotnet-app\Identity.Application\Identity.Application.csproj", "{C35E2167-870F-4F80-A925-9CF61EEC5FEB}"
EndProject
Project("{FAE04EC0-301F-11D3-BF4B-00C04F79EFBC}") = "IdentityServer.Application", "src\dotnet-app\IdentityServer.Application\IdentityServer.Application.csproj", "{8EBB2130-1ACE-4B12-9DE2-7C6A51F3F779}"
EndProject
Project("{9A19103F-16F7-4668-BE54-9A1E7A4F7556}") = "Client", "tests\Client\Client.csproj", "{96E20C36-F8B8-400B-B4BD-AAB82065B88F}"
EndProject
Project("{9A19103F-16F7-4668-BE54-9A1E7A4F7556}") = "Api", "tests\Api\Api.csproj", "{88CC729A-47FE-4C8E-B58A-47AFA548AD8D}"
EndProject
Global
	GlobalSection(SolutionConfigurationPlatforms) = preSolution
		Debug|Any CPU = Debug|Any CPU
		Release|Any CPU = Release|Any CPU
	EndGlobalSection
	GlobalSection(ProjectConfigurationPlatforms) = postSolution
		{05BFE375-0867-41B2-A7B7-58A56D31B73C}.Debug|Any CPU.ActiveCfg = Debug|Any CPU
		{05BFE375-0867-41B2-A7B7-58A56D31B73C}.Debug|Any CPU.Build.0 = Debug|Any CPU
		{05BFE375-0867-41B2-A7B7-58A56D31B73C}.Release|Any CPU.ActiveCfg = Release|Any CPU
		{05BFE375-0867-41B2-A7B7-58A56D31B73C}.Release|Any CPU.Build.0 = Release|Any CPU
		{D07BF749-09FC-4E79-B362-100CED316942}.Debug|Any CPU.ActiveCfg = Debug|Any CPU
		{D07BF749-09FC-4E79-B362-100CED316942}.Debug|Any CPU.Build.0 = Debug|Any CPU
		{D07BF749-09FC-4E79-B362-100CED316942}.Release|Any CPU.ActiveCfg = Release|Any CPU
		{D07BF749-09FC-4E79-B362-100CED316942}.Release|Any CPU.Build.0 = Release|Any CPU
		{7E807FB8-A845-4A96-8400-D8954937224B}.Debug|Any CPU.ActiveCfg = Debug|Any CPU
		{7E807FB8-A845-4A96-8400-D8954937224B}.Debug|Any CPU.Build.0 = Debug|Any CPU
		{7E807FB8-A845-4A96-8400-D8954937224B}.Release|Any CPU.ActiveCfg = Release|Any CPU
		{7E807FB8-A845-4A96-8400-D8954937224B}.Release|Any CPU.Build.0 = Release|Any CPU
		{3C236D19-B6AA-49F1-A55E-3DB12DE495E2}.Debug|Any CPU.ActiveCfg = Debug|Any CPU
		{3C236D19-B6AA-49F1-A55E-3DB12DE495E2}.Debug|Any CPU.Build.0 = Debug|Any CPU
		{3C236D19-B6AA-49F1-A55E-3DB12DE495E2}.Release|Any CPU.ActiveCfg = Release|Any CPU
		{3C236D19-B6AA-49F1-A55E-3DB12DE495E2}.Release|Any CPU.Build.0 = Release|Any CPU
		{8574189D-14C2-4021-A6ED-F4B3D56DCFC8}.Debug|Any CPU.ActiveCfg = Debug|Any CPU
		{8574189D-14C2-4021-A6ED-F4B3D56DCFC8}.Debug|Any CPU.Build.0 = Debug|Any CPU
		{8574189D-14C2-4021-A6ED-F4B3D56DCFC8}.Release|Any CPU.ActiveCfg = Release|Any CPU
		{8574189D-14C2-4021-A6ED-F4B3D56DCFC8}.Release|Any CPU.Build.0 = Release|Any CPU
		{8404EAA0-1D9A-496F-A6E6-1E5256E5E0D1}.Debug|Any CPU.ActiveCfg = Debug|Any CPU
		{8404EAA0-1D9A-496F-A6E6-1E5256E5E0D1}.Debug|Any CPU.Build.0 = Debug|Any CPU
		{8404EAA0-1D9A-496F-A6E6-1E5256E5E0D1}.Release|Any CPU.ActiveCfg = Release|Any CPU
		{8404EAA0-1D9A-496F-A6E6-1E5256E5E0D1}.Release|Any CPU.Build.0 = Release|Any CPU
		{2958C6E2-F2C7-4C5A-8E57-DFFA90DE4586}.Debug|Any CPU.ActiveCfg = Debug|Any CPU
		{2958C6E2-F2C7-4C5A-8E57-DFFA90DE4586}.Debug|Any CPU.Build.0 = Debug|Any CPU
		{2958C6E2-F2C7-4C5A-8E57-DFFA90DE4586}.Release|Any CPU.ActiveCfg = Release|Any CPU
		{2958C6E2-F2C7-4C5A-8E57-DFFA90DE4586}.Release|Any CPU.Build.0 = Release|Any CPU
		{A5B6181D-9768-47B0-8074-BEFA353C8349}.Debug|Any CPU.ActiveCfg = Debug|Any CPU
		{A5B6181D-9768-47B0-8074-BEFA353C8349}.Debug|Any CPU.Build.0 = Debug|Any CPU
		{A5B6181D-9768-47B0-8074-BEFA353C8349}.Release|Any CPU.ActiveCfg = Release|Any CPU
		{A5B6181D-9768-47B0-8074-BEFA353C8349}.Release|Any CPU.Build.0 = Release|Any CPU
		{1D78AB19-2041-4EC2-8CB3-FC5D5EC74D37}.Debug|Any CPU.ActiveCfg = Debug|Any CPU
		{1D78AB19-2041-4EC2-8CB3-FC5D5EC74D37}.Debug|Any CPU.Build.0 = Debug|Any CPU
		{1D78AB19-2041-4EC2-8CB3-FC5D5EC74D37}.Release|Any CPU.ActiveCfg = Release|Any CPU
		{1D78AB19-2041-4EC2-8CB3-FC5D5EC74D37}.Release|Any CPU.Build.0 = Release|Any CPU
		{9656D242-4F0B-4B4A-9153-40A6A73A543F}.Debug|Any CPU.ActiveCfg = Debug|Any CPU
		{9656D242-4F0B-4B4A-9153-40A6A73A543F}.Debug|Any CPU.Build.0 = Debug|Any CPU
		{9656D242-4F0B-4B4A-9153-40A6A73A543F}.Release|Any CPU.ActiveCfg = Release|Any CPU
		{9656D242-4F0B-4B4A-9153-40A6A73A543F}.Release|Any CPU.Build.0 = Release|Any CPU
		{0120E1D3-8923-4AA2-98C7-BBF644B356E7}.Debug|Any CPU.ActiveCfg = Debug|Any CPU
		{0120E1D3-8923-4AA2-98C7-BBF644B356E7}.Debug|Any CPU.Build.0 = Debug|Any CPU
		{0120E1D3-8923-4AA2-98C7-BBF644B356E7}.Release|Any CPU.ActiveCfg = Release|Any CPU
		{0120E1D3-8923-4AA2-98C7-BBF644B356E7}.Release|Any CPU.Build.0 = Release|Any CPU
		{52757225-DB2D-4AAC-AD3D-3ABB920EB778}.Debug|Any CPU.ActiveCfg = Debug|Any CPU
		{52757225-DB2D-4AAC-AD3D-3ABB920EB778}.Debug|Any CPU.Build.0 = Debug|Any CPU
		{52757225-DB2D-4AAC-AD3D-3ABB920EB778}.Release|Any CPU.ActiveCfg = Release|Any CPU
		{52757225-DB2D-4AAC-AD3D-3ABB920EB778}.Release|Any CPU.Build.0 = Release|Any CPU
		{8072233F-8F4B-436C-A641-207E890F2790}.Debug|Any CPU.ActiveCfg = Debug|Any CPU
		{8072233F-8F4B-436C-A641-207E890F2790}.Debug|Any CPU.Build.0 = Debug|Any CPU
		{8072233F-8F4B-436C-A641-207E890F2790}.Release|Any CPU.ActiveCfg = Release|Any CPU
		{8072233F-8F4B-436C-A641-207E890F2790}.Release|Any CPU.Build.0 = Release|Any CPU
		{AB282766-9E2A-4147-88C1-7D2E8909138C}.Debug|Any CPU.ActiveCfg = Debug|Any CPU
		{AB282766-9E2A-4147-88C1-7D2E8909138C}.Debug|Any CPU.Build.0 = Debug|Any CPU
		{AB282766-9E2A-4147-88C1-7D2E8909138C}.Release|Any CPU.ActiveCfg = Release|Any CPU
		{AB282766-9E2A-4147-88C1-7D2E8909138C}.Release|Any CPU.Build.0 = Release|Any CPU
		{C35E2167-870F-4F80-A925-9CF61EEC5FEB}.Debug|Any CPU.ActiveCfg = Debug|Any CPU
		{C35E2167-870F-4F80-A925-9CF61EEC5FEB}.Debug|Any CPU.Build.0 = Debug|Any CPU
		{C35E2167-870F-4F80-A925-9CF61EEC5FEB}.Release|Any CPU.ActiveCfg = Release|Any CPU
		{C35E2167-870F-4F80-A925-9CF61EEC5FEB}.Release|Any CPU.Build.0 = Release|Any CPU
		{8EBB2130-1ACE-4B12-9DE2-7C6A51F3F779}.Debug|Any CPU.ActiveCfg = Debug|Any CPU
		{8EBB2130-1ACE-4B12-9DE2-7C6A51F3F779}.Debug|Any CPU.Build.0 = Debug|Any CPU
		{8EBB2130-1ACE-4B12-9DE2-7C6A51F3F779}.Release|Any CPU.ActiveCfg = Release|Any CPU
		{8EBB2130-1ACE-4B12-9DE2-7C6A51F3F779}.Release|Any CPU.Build.0 = Release|Any CPU
		{96E20C36-F8B8-400B-B4BD-AAB82065B88F}.Debug|Any CPU.ActiveCfg = Debug|Any CPU
		{96E20C36-F8B8-400B-B4BD-AAB82065B88F}.Debug|Any CPU.Build.0 = Debug|Any CPU
		{96E20C36-F8B8-400B-B4BD-AAB82065B88F}.Release|Any CPU.ActiveCfg = Release|Any CPU
		{96E20C36-F8B8-400B-B4BD-AAB82065B88F}.Release|Any CPU.Build.0 = Release|Any CPU
		{88CC729A-47FE-4C8E-B58A-47AFA548AD8D}.Debug|Any CPU.ActiveCfg = Debug|Any CPU
		{88CC729A-47FE-4C8E-B58A-47AFA548AD8D}.Debug|Any CPU.Build.0 = Debug|Any CPU
		{88CC729A-47FE-4C8E-B58A-47AFA548AD8D}.Release|Any CPU.ActiveCfg = Release|Any CPU
		{88CC729A-47FE-4C8E-B58A-47AFA548AD8D}.Release|Any CPU.Build.0 = Release|Any CPU
	EndGlobalSection
	GlobalSection(SolutionProperties) = preSolution
		HideSolutionNode = FALSE
	EndGlobalSection
	GlobalSection(NestedProjects) = preSolution
		{05BFE375-0867-41B2-A7B7-58A56D31B73C} = {AF356874-0A80-4050-8B5B-F7F041897959}
		{D07BF749-09FC-4E79-B362-100CED316942} = {BBD2FF32-B001-4E0E-8D60-038BF5BAC2BD}
		{7E807FB8-A845-4A96-8400-D8954937224B} = {BBD2FF32-B001-4E0E-8D60-038BF5BAC2BD}
		{3C236D19-B6AA-49F1-A55E-3DB12DE495E2} = {7053E57E-A635-49BC-8641-3ECB3410941F}
		{8574189D-14C2-4021-A6ED-F4B3D56DCFC8} = {EF90527A-DB16-427A-B060-B829C53773FB}
		{8404EAA0-1D9A-496F-A6E6-1E5256E5E0D1} = {89B11C70-1D1D-423F-9FB2-B09632839DE5}
		{2958C6E2-F2C7-4C5A-8E57-DFFA90DE4586} = {B6143FD0-C5DF-477F-A226-5B2ABE0F6490}
		{A5B6181D-9768-47B0-8074-BEFA353C8349} = {89B11C70-1D1D-423F-9FB2-B09632839DE5}
		{AF356874-0A80-4050-8B5B-F7F041897959} = {1A1FD149-D260-4C4B-80C2-88DEEA40C97E}
		{EF90527A-DB16-427A-B060-B829C53773FB} = {547C6903-1D2E-4B94-8FC2-7D6172C6D82D}
		{BBD2FF32-B001-4E0E-8D60-038BF5BAC2BD} = {1A1FD149-D260-4C4B-80C2-88DEEA40C97E}
		{89B11C70-1D1D-423F-9FB2-B09632839DE5} = {547C6903-1D2E-4B94-8FC2-7D6172C6D82D}
		{B6143FD0-C5DF-477F-A226-5B2ABE0F6490} = {547C6903-1D2E-4B94-8FC2-7D6172C6D82D}
		{7053E57E-A635-49BC-8641-3ECB3410941F} = {1A1FD149-D260-4C4B-80C2-88DEEA40C97E}
		{F7BEB16C-A11D-470F-969C-D54E4B7A48BA} = {80C11AFA-3334-4157-96A1-3C4358899A25}
		{942AB904-C08B-438A-8C74-22A6AA988069} = {80C11AFA-3334-4157-96A1-3C4358899A25}
		{A925182B-69E6-4908-94A4-3060F4F76A13} = {80C11AFA-3334-4157-96A1-3C4358899A25}
		{9656D242-4F0B-4B4A-9153-40A6A73A543F} = {F7BEB16C-A11D-470F-969C-D54E4B7A48BA}
		{0120E1D3-8923-4AA2-98C7-BBF644B356E7} = {A925182B-69E6-4908-94A4-3060F4F76A13}
		{52757225-DB2D-4AAC-AD3D-3ABB920EB778} = {A925182B-69E6-4908-94A4-3060F4F76A13}
		{8072233F-8F4B-436C-A641-207E890F2790} = {942AB904-C08B-438A-8C74-22A6AA988069}
		{AB282766-9E2A-4147-88C1-7D2E8909138C} = {F7BEB16C-A11D-470F-969C-D54E4B7A48BA}
		{C35E2167-870F-4F80-A925-9CF61EEC5FEB} = {942AB904-C08B-438A-8C74-22A6AA988069}
		{8EBB2130-1ACE-4B12-9DE2-7C6A51F3F779} = {942AB904-C08B-438A-8C74-22A6AA988069}
		{96E20C36-F8B8-400B-B4BD-AAB82065B88F} = {D668F30E-D5AB-402C-89DD-3D06970ACE14}
		{88CC729A-47FE-4C8E-B58A-47AFA548AD8D} = {D668F30E-D5AB-402C-89DD-3D06970ACE14}
	EndGlobalSection
	GlobalSection(ExtensibilityGlobals) = postSolution
		SolutionGuid = {837FC794-5B34-4671-BEF4-A735389F00C5}
	EndGlobalSection
EndGlobal
